<?xml version="1.0" encoding="utf-8"?>
<Project ToolsVersion="4.0" xmlns="http://schemas.microsoft.com/developer/msbuild/2003">
  <ItemGroup>
    <ClCompile Include="gucommon\logging\Logger.cpp">
      <Filter>gucommon\logging</Filter>
    </ClCompile>
    <ClCompile Include="gucommon\strings\StringUtils.cpp">
      <Filter>gucommon\strings</Filter>
    </ClCompile>
    <ClCompile Include="Fractal.cpp" />
    <ClCompile Include="gucommon\shaders\ShaderFactory.cpp">
      <Filter>gucommon\shaders</Filter>
    </ClCompile>
    <ClCompile Include="Input.cpp">
      <Filter>input</Filter>
    </ClCompile>
    <ClCompile Include="FpsCounter.cpp">
      <Filter>utility\fps</Filter>
    </ClCompile>
    <ClCompile Include="OpenGlStats.cpp">
      <Filter>utility\opengl</Filter>
    </ClCompile>
    <ClCompile Include="GuCommon\stb\stb_implementations.cpp">
      <Filter>utility\stb</Filter>
    </ClCompile>
    <ClCompile Include="OpenGl.cpp">
      <Filter>utility\opengl</Filter>
    </ClCompile>
    <ClCompile Include="ImguiRenderer.cpp">
      <Filter>renderers</Filter>
    </ClCompile>
    <ClCompile Include="LineRenderer.cpp">
      <Filter>renderers</Filter>
    </ClCompile>
    <ClCompile Include="ObjectLoader.cpp">
      <Filter>objectLoader</Filter>
    </ClCompile>
    <ClCompile Include="TestCube.cpp">
      <Filter>objectLoader\objects</Filter>
    </ClCompile>
    <ClCompile Include="TestGrid.cpp">
      <Filter>objectLoader\objects</Filter>
    </ClCompile>
    <ClCompile Include="Viewer.cpp">
      <Filter>camera</Filter>
    </ClCompile>
    <ClCompile Include="DescentMotionTranslator.cpp">
      <Filter>camera</Filter>
    </ClCompile>
    <ClCompile Include="ColorGradient.cpp">
      <Filter>utility\math</Filter>
    </ClCompile>
    <ClCompile Include="BackgroundQuadRenderer.cpp">
      <Filter>renderers\backgroundRendering</Filter>
    </ClCompile>
    <ClCompile Include="JuliaFractalExtension.cpp">
      <Filter>renderers\backgroundRendering</Filter>
    </ClCompile>
    <ClCompile Include="Terrain.cpp" />
    <ClCompile Include="BasicTerrainExtension.cpp">
      <Filter>renderers\backgroundRendering</Filter>
    </ClCompile>
    <ClCompile Include="ShadedTerrainExtension.cpp" />
  </ItemGroup>
  <ItemGroup>
    <ClInclude Include="gucommon\logging\Logger.h">
      <Filter>gucommon\logging</Filter>
    </ClInclude>
    <ClInclude Include="gucommon\strings\StringUtils.h">
      <Filter>gucommon\strings</Filter>
    </ClInclude>
    <ClInclude Include="Fractal.h" />
    <ClInclude Include="gucommon\shaders\ShaderFactory.h">
      <Filter>gucommon\shaders</Filter>
    </ClInclude>
    <ClInclude Include="IGlfwKeyHandler.h">
      <Filter>input</Filter>
    </ClInclude>
    <ClInclude Include="IGlfwMouseHandler.h">
      <Filter>input</Filter>
    </ClInclude>
    <ClInclude Include="Input.h">
      <Filter>input</Filter>
    </ClInclude>
    <ClInclude Include="version.h">
      <Filter>utility\versioning</Filter>
    </ClInclude>
    <ClInclude Include="FpsCounter.h">
      <Filter>utility\fps</Filter>
    </ClInclude>
    <ClInclude Include="OpenGlStats.h">
      <Filter>utility\opengl</Filter>
    </ClInclude>
    <ClInclude Include="gucommon\testing\ITestable.h">
      <Filter>gucommon\testing</Filter>
    </ClInclude>
    <ClInclude Include="OpenGl.h">
      <Filter>utility\opengl</Filter>
    </ClInclude>
    <ClInclude Include="ImguiRenderer.h">
      <Filter>renderers</Filter>
    </ClInclude>
    <ClInclude Include="LineRenderer.h">
      <Filter>renderers</Filter>
    </ClInclude>
    <ClInclude Include="ObjectLoader.h">
      <Filter>objectLoader</Filter>
    </ClInclude>
    <ClInclude Include="IObject.h">
      <Filter>objectLoader</Filter>
    </ClInclude>
    <ClInclude Include="TestCube.h">
      <Filter>objectLoader\objects</Filter>
    </ClInclude>
    <ClInclude Include="TestGrid.h">
      <Filter>objectLoader\objects</Filter>
    </ClInclude>
    <ClInclude Include="Viewer.h">
      <Filter>camera</Filter>
    </ClInclude>
    <ClInclude Include="Camera.h">
      <Filter>camera</Filter>
    </ClInclude>
    <ClInclude Include="DescentMotionTranslator.h">
      <Filter>camera</Filter>
    </ClInclude>
    <ClInclude Include="IMotionTranslator.h">
      <Filter>camera</Filter>
    </ClInclude>
    <ClInclude Include="ColorGradient.h">
      <Filter>utility\math</Filter>
    </ClInclude>
    <ClInclude Include="BackgroundQuadRenderer.h">
      <Filter>renderers\backgroundRendering</Filter>
    </ClInclude>
    <ClInclude Include="IBackgroundRendererExtension.h">
      <Filter>renderers\backgroundRendering</Filter>
    </ClInclude>
    <ClInclude Include="JuliaFractalExtension.h">
      <Filter>renderers\backgroundRendering</Filter>
    </ClInclude>
    <ClInclude Include="Terrain.h" />
    <ClInclude Include="BasicTerrainExtension.h">
      <Filter>renderers\backgroundRendering</Filter>
    </ClInclude>
    <ClInclude Include="ShadedTerrainExtension.h" />
  </ItemGroup>
  <ItemGroup>
    <Filter Include="gucommon">
      <UniqueIdentifier>{a41394e0-f996-48df-b3b2-c43ffb4ccefa}</UniqueIdentifier>
    </Filter>
    <Filter Include="gucommon\logging">
      <UniqueIdentifier>{9c5a4931-3076-4a8e-a50c-9652f3059daf}</UniqueIdentifier>
    </Filter>
    <Filter Include="gucommon\strings">
      <UniqueIdentifier>{d0e723ad-9960-419d-bc9d-44cc7a9178ed}</UniqueIdentifier>
    </Filter>
    <Filter Include="gucommon\shaders">
      <UniqueIdentifier>{a14bd6ae-0bea-4c1b-a1b3-075980e04223}</UniqueIdentifier>
    </Filter>
    <Filter Include="input">
      <UniqueIdentifier>{19c38540-74ac-4697-a85c-5042337f5a29}</UniqueIdentifier>
    </Filter>
    <Filter Include="utility">
      <UniqueIdentifier>{9e8d6b8a-8d6e-4a14-8499-cf837129cf56}</UniqueIdentifier>
    </Filter>
    <Filter Include="utility\versioning">
      <UniqueIdentifier>{b6592b38-236e-4fb5-b2d6-c80398330816}</UniqueIdentifier>
    </Filter>
    <Filter Include="utility\fps">
      <UniqueIdentifier>{66452826-1fd8-4080-a681-4f49bb4c976f}</UniqueIdentifier>
    </Filter>
    <Filter Include="utility\opengl">
      <UniqueIdentifier>{0f528e46-f00e-4b76-a9ab-8b0d65704387}</UniqueIdentifier>
    </Filter>
    <Filter Include="gucommon\testing">
      <UniqueIdentifier>{399e3e6a-ad92-44d2-86ca-0ebbbf1f904d}</UniqueIdentifier>
    </Filter>
    <Filter Include="utility\stb">
      <UniqueIdentifier>{826b2fe5-9592-4b39-b4cf-c2364367b1ba}</UniqueIdentifier>
    </Filter>
    <Filter Include="renderers">
      <UniqueIdentifier>{a9bbffcb-d713-4d92-8277-ea092b15b09b}</UniqueIdentifier>
    </Filter>
    <Filter Include="objectLoader">
      <UniqueIdentifier>{f3eb0119-ff3b-48c4-84e1-cbc6d1754e2f}</UniqueIdentifier>
    </Filter>
    <Filter Include="objectLoader\objects">
      <UniqueIdentifier>{d80127ad-210d-47f5-a374-7afd6ab0de41}</UniqueIdentifier>
    </Filter>
    <Filter Include="camera">
      <UniqueIdentifier>{23777ed3-ffc7-4fed-b4e3-69e4bb8312a3}</UniqueIdentifier>
    </Filter>
    <Filter Include="utility\math">
      <UniqueIdentifier>{400a7b34-ad97-4cc4-b8be-93dc4ccd836a}</UniqueIdentifier>
    </Filter>
    <Filter Include="renderers\backgroundRendering">
      <UniqueIdentifier>{33ac3430-d12c-4f9b-ac30-2a23200327e0}</UniqueIdentifier>
    </Filter>
  </ItemGroup>
</Project>