<?xml version="1.0" encoding="utf-8"?>
<Project ToolsVersion="4.0" xmlns="http://schemas.microsoft.com/developer/msbuild/2003">
  <ItemGroup>
    <Filter Include="Source Files">
      <UniqueIdentifier>{4FC737F1-C7A5-4376-A066-2A32D752A2FF}</UniqueIdentifier>
      <Extensions>cpp;c;cc;cxx;c++;cppm;ixx;def;odl;idl;hpj;bat;asm;asmx</Extensions>
    </Filter>
    <Filter Include="Header Files">
      <UniqueIdentifier>{93995380-89BD-4b04-88EB-625FBE52EBFB}</UniqueIdentifier>
      <Extensions>h;hh;hpp;hxx;h++;hm;inl;inc;ipp;xsd</Extensions>
    </Filter>
    <Filter Include="Resource Files">
      <UniqueIdentifier>{67DA6AB6-F800-4c08-8B7A-83BB121AAD01}</UniqueIdentifier>
      <Extensions>rc;ico;cur;bmp;dlg;rc2;rct;bin;rgs;gif;jpg;jpeg;jpe;resx;tiff;tif;png;wav;mfcribbon-ms</Extensions>
    </Filter>
  </ItemGroup>
  <ItemGroup>
    <ClCompile Include="Sim.cpp">
      <Filter>Source Files</Filter>
    </ClCompile>
    <ClCompile Include="Telemetry\Logging.cpp">
      <Filter>Source Files</Filter>
    </ClCompile>
    <ClCompile Include="Telemetry\FpsCounter.cpp">
      <Filter>Header Files</Filter>
    </ClCompile>
    <ClCompile Include="ThreadProcessor.cpp">
      <Filter>Source Files</Filter>
    </ClCompile>
    <ClCompile Include="Random2DFiller.cpp">
      <Filter>Source Files</Filter>
    </ClCompile>
    <ClCompile Include="GLCore\ShaderFactory.cpp">
      <Filter>Source Files</Filter>
    </ClCompile>
    <ClCompile Include="Data\StringExtensions.cpp">
      <Filter>Source Files</Filter>
    </ClCompile>
    <ClCompile Include="Scene.cpp">
      <Filter>Source Files</Filter>
    </ClCompile>
    <ClCompile Include="Model.cpp">
      <Filter>Source Files</Filter>
    </ClCompile>
    <ClCompile Include="Diagnostic\ScreenshotTaker.cpp">
      <Filter>Source Files</Filter>
    </ClCompile>
    <ClCompile Include="Camera.cpp">
      <Filter>Source Files</Filter>
    </ClCompile>
    <ClCompile Include="Background\Fractal.cpp">
      <Filter>Source Files</Filter>
    </ClCompile>
    <ClCompile Include="Background\Sky.cpp">
      <Filter>Source Files</Filter>
    </ClCompile>
    <ClCompile Include="Tests\Experimental.cpp">
      <Filter>Source Files</Filter>
    </ClCompile>
    <ClCompile Include="Input\Input.cpp">
      <Filter>Source Files</Filter>
    </ClCompile>
    <ClCompile Include="Preprocessor\TerrainTriangulator.cpp">
      <Filter>Source Files</Filter>
    </ClCompile>
    <ClCompile Include="Preprocessor\GamePreprocessor.cpp">
      <Filter>Source Files</Filter>
    </ClCompile>
    <ClCompile Include="Preprocessor\stb_implementations.cpp">
      <Filter>Source Files</Filter>
    </ClCompile>
    <ClCompile Include="Terrain\TerrainModel.cpp">
      <Filter>Source Files</Filter>
    </ClCompile>
    <ClCompile Include="Data\BinaryModel.cpp">
      <Filter>Source Files</Filter>
    </ClCompile>
    <ClCompile Include="GLCore\VectorMath.cpp">
      <Filter>Source Files</Filter>
    </ClCompile>
    <ClCompile Include="Terrain\TerrainRenderer.cpp">
      <Filter>Source Files</Filter>
    </ClCompile>
    <ClCompile Include="Terrain\Terrain.cpp">
      <Filter>Source Files</Filter>
    </ClCompile>
    <ClCompile Include="Data\Config\TerrainConfig.cpp">
      <Filter>Source Files</Filter>
    </ClCompile>
    <ClCompile Include="Telemetry\Compass.cpp">
      <Filter>Source Files</Filter>
    </ClCompile>
    <ClCompile Include="Background\Cube.cpp">
      <Filter>Source Files</Filter>
    </ClCompile>
    <ClCompile Include="Time.cpp">
      <Filter>Source Files</Filter>
    </ClCompile>
    <ClCompile Include="Data\SaveFile.cpp">
      <Filter>Source Files</Filter>
    </ClCompile>
    <ClCompile Include="Data\Config\SaveConfig.cpp">
      <Filter>Source Files</Filter>
    </ClCompile>
    <ClCompile Include="GLCore\OpenGl.cpp">
      <Filter>Source Files</Filter>
    </ClCompile>
    <ClCompile Include="GLCore\OpenGlCapabilities.cpp">
      <Filter>Source Files</Filter>
    </ClCompile>
    <ClCompile Include="GLCore\ImguiRenderer.cpp">
      <Filter>Source Files</Filter>
    </ClCompile>
    <ClCompile Include="Data\Config\Config.cpp">
      <Filter>Source Files</Filter>
    </ClCompile>
    <ClCompile Include="GameMode.cpp">
      <Filter>Source Files</Filter>
    </ClCompile>
    <ClCompile Include="Diagnostic\DebugViewer.cpp">
      <Filter>Source Files</Filter>
    </ClCompile>
  </ItemGroup>
  <ItemGroup>
    <ClInclude Include="Telemetry\Logger.h">
      <Filter>Header Files</Filter>
    </ClInclude>
    <ClInclude Include="Sim.h">
      <Filter>Header Files</Filter>
    </ClInclude>
    <ClInclude Include="Data\Config\Config.h">
      <Filter>Header Files</Filter>
    </ClInclude>
    <ClInclude Include="Data\Config\CameraConfig.h">
      <Filter>Header Files</Filter>
    </ClInclude>
    <ClInclude Include="Telemetry\FpsCounter.h">
      <Filter>Header Files</Filter>
    </ClInclude>
    <ClInclude Include="ThreadProcessor.h">
      <Filter>Header Files</Filter>
    </ClInclude>
    <ClInclude Include="Random2DFiller.h">
      <Filter>Header Files</Filter>
    </ClInclude>
    <ClInclude Include="GLCore\ShaderFactory.h">
      <Filter>Header Files</Filter>
    </ClInclude>
    <ClInclude Include="Data\StringExtensions.h">
      <Filter>Header Files</Filter>
    </ClInclude>
    <ClInclude Include="Tests\ITestable.h">
      <Filter>Header Files</Filter>
    </ClInclude>
    <ClInclude Include="Scene.h">
      <Filter>Header Files</Filter>
    </ClInclude>
    <ClInclude Include="Model.h">
      <Filter>Header Files</Filter>
    </ClInclude>
    <ClInclude Include="Diagnostic\ScreenshotTaker.h">
      <Filter>Header Files</Filter>
    </ClInclude>
    <ClInclude Include="Camera.h">
      <Filter>Header Files</Filter>
    </ClInclude>
    <ClInclude Include="Background\Fractal.h">
      <Filter>Header Files</Filter>
    </ClInclude>
    <ClInclude Include="Background\Sky.h">
      <Filter>Header Files</Filter>
    </ClInclude>
    <ClInclude Include="Tests\Experimental.h">
      <Filter>Header Files</Filter>
    </ClInclude>
    <ClInclude Include="Input\Input.h">
      <Filter>Header Files</Filter>
    </ClInclude>
    <ClInclude Include="Preprocessor\TerrainTriangulator.h">
      <Filter>Header Files</Filter>
    </ClInclude>
    <ClInclude Include="Data\Config\TerrainConfig.h">
      <Filter>Header Files</Filter>
    </ClInclude>
    <ClInclude Include="Preprocessor\GamePreprocessor.h">
      <Filter>Header Files</Filter>
    </ClInclude>
    <ClInclude Include="Terrain\TerrainModel.h">
      <Filter>Header Files</Filter>
    </ClInclude>
    <ClInclude Include="Data\BinaryModel.h">
      <Filter>Header Files</Filter>
    </ClInclude>
    <ClInclude Include="GLCore\VectorMath.h">
      <Filter>Header Files</Filter>
    </ClInclude>
    <ClInclude Include="Terrain\TerrainRenderer.h">
      <Filter>Header Files</Filter>
    </ClInclude>
    <ClInclude Include="Terrain\Terrain.h">
      <Filter>Header Files</Filter>
    </ClInclude>
    <ClInclude Include="Terrain\TerrainMips.h">
      <Filter>Header Files</Filter>
    </ClInclude>
    <ClInclude Include="Telemetry\Compass.h">
      <Filter>Header Files</Filter>
    </ClInclude>
    <ClInclude Include="Background\Cube.h">
      <Filter>Header Files</Filter>
    </ClInclude>
    <ClInclude Include="Time.h">
      <Filter>Header Files</Filter>
    </ClInclude>
    <ClInclude Include="Data\SaveFile.h">
      <Filter>Header Files</Filter>
    </ClInclude>
    <ClInclude Include="Data\Config\SaveConfig.h">
      <Filter>Header Files</Filter>
    </ClInclude>
    <ClInclude Include="GLCore\OpenGl.h">
      <Filter>Header Files</Filter>
    </ClInclude>
    <ClInclude Include="GLCore\OpenGlCapabilities.h">
      <Filter>Header Files</Filter>
    </ClInclude>
    <ClInclude Include="Input\IGlfwMouseHandler.h">
      <Filter>Header Files</Filter>
    </ClInclude>
    <ClInclude Include="Input\IGlfwKeyHandler.h">
      <Filter>Header Files</Filter>
    </ClInclude>
    <ClInclude Include="GLCore\ImguiRenderer.h">
      <Filter>Header Files</Filter>
    </ClInclude>
    <ClInclude Include="GameMode.h">
      <Filter>Header Files</Filter>
    </ClInclude>
    <ClInclude Include="Diagnostic\DebugViewer.h">
      <Filter>Header Files</Filter>
    </ClInclude>
  </ItemGroup>
  <ItemGroup>
    <CopyFileToFolders Include="Config\graphics.json" />
    <CopyFileToFolders Include="Config\diagnostics.json" />
    <CopyFileToFolders Include="Config\Fonts\DejaVuSans.ttf" />
    <CopyFileToFolders Include="Config\libigl-bunny.off" />
    <CopyFileToFolders Include="Config\Shaders\juliaFractal.vs" />
    <CopyFileToFolders Include="Config\Shaders\juliaFractal.fs" />
    <CopyFileToFolders Include="Config\camera.json" />
  </ItemGroup>
  <ItemGroup>
    <None Include="Config\Shaders\model.vs" />
    <None Include="Config\Shaders\model.fs" />
    <None Include="Config\Shaders\sky.vs" />
    <None Include="Config\Shaders\sky.fs" />
    <None Include="Config\terrain.json" />
    <None Include="Config\Shaders\terrain.fs" />
    <None Include="Config\Shaders\terrain.vs" />
    <None Include="Config\Shaders\terrain.gs" />
    <None Include="Config\Shaders\compass.fs" />
    <None Include="Config\Shaders\compass.vs" />
    <None Include="Config\save.json" />
    <None Include="Config\Shaders\imgui.fs" />
    <None Include="Config\Shaders\imgui.vs" />
  </ItemGroup>
  <ItemGroup>
    <Natvis Include="Diagnostic\DebugObjectFormats.natvis" />
  </ItemGroup>
</Project>